
Microsoft Visual Studio Solution File, Format Version 12.00
# Visual Studio Version 16
VisualStudioVersion = 16.0.31702.278
MinimumVisualStudioVersion = 10.0.40219.1
Project("{FAE04EC0-301F-11D3-BF4B-00C04F79EFBC}") = "Emp_Wage_UC5_Day8", "Emp_Wage_UC5_Day8.csproj", "{C727C5FC-9132-4DED-9946-85C67B68187F}"
EndProject
Global
	GlobalSection(SolutionConfigurationPlatforms) = preSolution
		Debug|Any CPU = Debug|Any CPU
		Release|Any CPU = Release|Any CPU
	EndGlobalSection
	GlobalSection(ProjectConfigurationPlatforms) = postSolution
		{C727C5FC-9132-4DED-9946-85C67B68187F}.Debug|Any CPU.ActiveCfg = Debug|Any CPU
		{C727C5FC-9132-4DED-9946-85C67B68187F}.Debug|Any CPU.Build.0 = Debug|Any CPU
		{C727C5FC-9132-4DED-9946-85C67B68187F}.Release|Any CPU.ActiveCfg = Release|Any CPU
		{C727C5FC-9132-4DED-9946-85C67B68187F}.Release|Any CPU.Build.0 = Release|Any CPU
	EndGlobalSection
	GlobalSection(SolutionProperties) = preSolution
		HideSolutionNode = FALSE
	EndGlobalSection
	GlobalSection(ExtensibilityGlobals) = postSolution
		SolutionGuid = {328C762E-C40B-440C-81F7-823960C973A1}
	EndGlobalSection
EndGlobal
