
Microsoft Visual Studio Solution File, Format Version 12.00
# Visual Studio Version 16
VisualStudioVersion = 16.0.31702.278
MinimumVisualStudioVersion = 10.0.40219.1
Project("{FAE04EC0-301F-11D3-BF4B-00C04F79EFBC}") = "Emp_Wage_UC2_Day8", "Emp_Wage_UC2_Day8.csproj", "{D0ACE678-0997-4F52-B11F-2C99DF28CEC9}"
EndProject
Global
	GlobalSection(SolutionConfigurationPlatforms) = preSolution
		Debug|Any CPU = Debug|Any CPU
		Release|Any CPU = Release|Any CPU
	EndGlobalSection
	GlobalSection(ProjectConfigurationPlatforms) = postSolution
		{D0ACE678-0997-4F52-B11F-2C99DF28CEC9}.Debug|Any CPU.ActiveCfg = Debug|Any CPU
		{D0ACE678-0997-4F52-B11F-2C99DF28CEC9}.Debug|Any CPU.Build.0 = Debug|Any CPU
		{D0ACE678-0997-4F52-B11F-2C99DF28CEC9}.Release|Any CPU.ActiveCfg = Release|Any CPU
		{D0ACE678-0997-4F52-B11F-2C99DF28CEC9}.Release|Any CPU.Build.0 = Release|Any CPU
	EndGlobalSection
	GlobalSection(SolutionProperties) = preSolution
		HideSolutionNode = FALSE
	EndGlobalSection
	GlobalSection(ExtensibilityGlobals) = postSolution
		SolutionGuid = {49CC0283-689C-48C1-AB4E-8DD855BCFAB4}
	EndGlobalSection
EndGlobal
